
Microsoft Visual Studio Solution File, Format Version 12.00
# Visual Studio 2013
VisualStudioVersion = 12.0.31101.0
MinimumVisualStudioVersion = 10.0.40219.1
Project("{2150E333-8FDC-42A3-9474-1A3956D46DE8}") = ".nuget", ".nuget", "{7A1C6962-1A67-43B9-8CBF-2944B1008698}"
	ProjectSection(SolutionItems) = preProject
		.nuget\NuGet.Config = .nuget\NuGet.Config
		.nuget\NuGet.exe = .nuget\NuGet.exe
		.nuget\NuGet.targets = .nuget\NuGet.targets
	EndProjectSection
EndProject
Project("{FAE04EC0-301F-11D3-BF4B-00C04F79EFBC}") = "Containerizer.Tests", "Containerizer.Tests\Containerizer.Tests.csproj", "{BA07D583-5040-4D51-A9E4-7DB9E15C1830}"
EndProject
Project("{FAE04EC0-301F-11D3-BF4B-00C04F79EFBC}") = "Containerizer", "Containerizer\Containerizer.csproj", "{B512432C-BDE1-4108-8DCF-5EDB78FAC454}"
EndProject
Project("{FAE04EC0-301F-11D3-BF4B-00C04F79EFBC}") = "Logger", "Logger\Logger.csproj", "{642C3C03-E002-4A16-8117-5EBAE8ACB9A4}"
EndProject
Project("{FAE04EC0-301F-11D3-BF4B-00C04F79EFBC}") = "IronFrame", "IronFrame\IronFrame\IronFrame.csproj", "{5DE07F79-B758-4A04-B908-626E7577313E}"
	ProjectSection(ProjectDependencies) = postProject
		{61B46A01-4911-4E32-9065-C1ECD7650AFA} = {61B46A01-4911-4E32-9065-C1ECD7650AFA}
	EndProjectSection
EndProject
Project("{FAE04EC0-301F-11D3-BF4B-00C04F79EFBC}") = "IronFrame.Shared", "IronFrame\IronFrame.Shared\IronFrame.Shared.csproj", "{CB7BA555-21FD-4C57-A629-A925B6A83A31}"
EndProject
Project("{FAE04EC0-301F-11D3-BF4B-00C04F79EFBC}") = "IronFrame.Host", "IronFrame\IronFrame.Host\IronFrame.Host.csproj", "{6E4DD8FC-91E8-4C70-946D-4C37DF84C8CF}"
EndProject
Project("{8BC9CEB8-8B4A-11D0-8D11-00A0C91BC942}") = "Guard", "IronFrame\Guard\Guard.vcxproj", "{61B46A01-4911-4E32-9065-C1ECD7650AFA}"
EndProject
Project("{FAE04EC0-301F-11D3-BF4B-00C04F79EFBC}") = "Logger.Tests", "Logger.Tests\Logger.Tests.csproj", "{B2127A34-6631-4096-A4ED-45F269135232}"
	ProjectSection(ProjectDependencies) = postProject
		{642C3C03-E002-4A16-8117-5EBAE8ACB9A4} = {642C3C03-E002-4A16-8117-5EBAE8ACB9A4}
	EndProjectSection
EndProject
Global
	GlobalSection(SolutionConfigurationPlatforms) = preSolution
		Debug|Any CPU = Debug|Any CPU
		Debug|ARM = Debug|ARM
		Debug|Mixed Platforms = Debug|Mixed Platforms
		Debug|x64 = Debug|x64
		Debug|x86 = Debug|x86
		Release|Any CPU = Release|Any CPU
		Release|ARM = Release|ARM
		Release|Mixed Platforms = Release|Mixed Platforms
		Release|x64 = Release|x64
		Release|x86 = Release|x86
	EndGlobalSection
	GlobalSection(ProjectConfigurationPlatforms) = postSolution
		{BA07D583-5040-4D51-A9E4-7DB9E15C1830}.Debug|Any CPU.ActiveCfg = Debug|Any CPU
		{BA07D583-5040-4D51-A9E4-7DB9E15C1830}.Debug|Any CPU.Build.0 = Debug|Any CPU
		{BA07D583-5040-4D51-A9E4-7DB9E15C1830}.Debug|ARM.ActiveCfg = Debug|Any CPU
		{BA07D583-5040-4D51-A9E4-7DB9E15C1830}.Debug|Mixed Platforms.ActiveCfg = Debug|Any CPU
		{BA07D583-5040-4D51-A9E4-7DB9E15C1830}.Debug|Mixed Platforms.Build.0 = Debug|Any CPU
		{BA07D583-5040-4D51-A9E4-7DB9E15C1830}.Debug|x64.ActiveCfg = Debug|Any CPU
		{BA07D583-5040-4D51-A9E4-7DB9E15C1830}.Debug|x86.ActiveCfg = Debug|Any CPU
		{BA07D583-5040-4D51-A9E4-7DB9E15C1830}.Release|Any CPU.ActiveCfg = Release|Any CPU
		{BA07D583-5040-4D51-A9E4-7DB9E15C1830}.Release|Any CPU.Build.0 = Release|Any CPU
		{BA07D583-5040-4D51-A9E4-7DB9E15C1830}.Release|ARM.ActiveCfg = Release|Any CPU
		{BA07D583-5040-4D51-A9E4-7DB9E15C1830}.Release|Mixed Platforms.ActiveCfg = Release|Any CPU
		{BA07D583-5040-4D51-A9E4-7DB9E15C1830}.Release|Mixed Platforms.Build.0 = Release|Any CPU
		{BA07D583-5040-4D51-A9E4-7DB9E15C1830}.Release|x64.ActiveCfg = Release|Any CPU
		{BA07D583-5040-4D51-A9E4-7DB9E15C1830}.Release|x86.ActiveCfg = Release|Any CPU
		{B512432C-BDE1-4108-8DCF-5EDB78FAC454}.Debug|Any CPU.ActiveCfg = Debug|Any CPU
		{B512432C-BDE1-4108-8DCF-5EDB78FAC454}.Debug|Any CPU.Build.0 = Debug|Any CPU
		{B512432C-BDE1-4108-8DCF-5EDB78FAC454}.Debug|ARM.ActiveCfg = Debug|Any CPU
		{B512432C-BDE1-4108-8DCF-5EDB78FAC454}.Debug|Mixed Platforms.ActiveCfg = Debug|Any CPU
		{B512432C-BDE1-4108-8DCF-5EDB78FAC454}.Debug|Mixed Platforms.Build.0 = Debug|Any CPU
		{B512432C-BDE1-4108-8DCF-5EDB78FAC454}.Debug|x64.ActiveCfg = Debug|Any CPU
		{B512432C-BDE1-4108-8DCF-5EDB78FAC454}.Debug|x86.ActiveCfg = Debug|Any CPU
		{B512432C-BDE1-4108-8DCF-5EDB78FAC454}.Release|Any CPU.ActiveCfg = Release|Any CPU
		{B512432C-BDE1-4108-8DCF-5EDB78FAC454}.Release|Any CPU.Build.0 = Release|Any CPU
		{B512432C-BDE1-4108-8DCF-5EDB78FAC454}.Release|ARM.ActiveCfg = Release|Any CPU
		{B512432C-BDE1-4108-8DCF-5EDB78FAC454}.Release|Mixed Platforms.ActiveCfg = Release|Any CPU
		{B512432C-BDE1-4108-8DCF-5EDB78FAC454}.Release|Mixed Platforms.Build.0 = Release|Any CPU
		{B512432C-BDE1-4108-8DCF-5EDB78FAC454}.Release|x64.ActiveCfg = Release|Any CPU
		{B512432C-BDE1-4108-8DCF-5EDB78FAC454}.Release|x86.ActiveCfg = Release|Any CPU
		{642C3C03-E002-4A16-8117-5EBAE8ACB9A4}.Debug|Any CPU.ActiveCfg = Debug|Any CPU
		{642C3C03-E002-4A16-8117-5EBAE8ACB9A4}.Debug|Any CPU.Build.0 = Debug|Any CPU
		{642C3C03-E002-4A16-8117-5EBAE8ACB9A4}.Debug|ARM.ActiveCfg = Debug|Any CPU
		{642C3C03-E002-4A16-8117-5EBAE8ACB9A4}.Debug|Mixed Platforms.ActiveCfg = Debug|Any CPU
		{642C3C03-E002-4A16-8117-5EBAE8ACB9A4}.Debug|Mixed Platforms.Build.0 = Debug|Any CPU
		{642C3C03-E002-4A16-8117-5EBAE8ACB9A4}.Debug|x64.ActiveCfg = Debug|Any CPU
		{642C3C03-E002-4A16-8117-5EBAE8ACB9A4}.Debug|x86.ActiveCfg = Debug|Any CPU
		{642C3C03-E002-4A16-8117-5EBAE8ACB9A4}.Release|Any CPU.ActiveCfg = Release|Any CPU
		{642C3C03-E002-4A16-8117-5EBAE8ACB9A4}.Release|Any CPU.Build.0 = Release|Any CPU
		{642C3C03-E002-4A16-8117-5EBAE8ACB9A4}.Release|ARM.ActiveCfg = Release|Any CPU
		{642C3C03-E002-4A16-8117-5EBAE8ACB9A4}.Release|Mixed Platforms.ActiveCfg = Release|Any CPU
		{642C3C03-E002-4A16-8117-5EBAE8ACB9A4}.Release|Mixed Platforms.Build.0 = Release|Any CPU
		{642C3C03-E002-4A16-8117-5EBAE8ACB9A4}.Release|x64.ActiveCfg = Release|Any CPU
		{642C3C03-E002-4A16-8117-5EBAE8ACB9A4}.Release|x86.ActiveCfg = Release|Any CPU
		{5DE07F79-B758-4A04-B908-626E7577313E}.Debug|Any CPU.ActiveCfg = Debug|Any CPU
		{5DE07F79-B758-4A04-B908-626E7577313E}.Debug|Any CPU.Build.0 = Debug|Any CPU
		{5DE07F79-B758-4A04-B908-626E7577313E}.Debug|ARM.ActiveCfg = Debug|Any CPU
		{5DE07F79-B758-4A04-B908-626E7577313E}.Debug|Mixed Platforms.ActiveCfg = Debug|Any CPU
		{5DE07F79-B758-4A04-B908-626E7577313E}.Debug|Mixed Platforms.Build.0 = Debug|Any CPU
		{5DE07F79-B758-4A04-B908-626E7577313E}.Debug|x64.ActiveCfg = Debug|Any CPU
		{5DE07F79-B758-4A04-B908-626E7577313E}.Debug|x86.ActiveCfg = Debug|Any CPU
		{5DE07F79-B758-4A04-B908-626E7577313E}.Release|Any CPU.ActiveCfg = Release|Any CPU
		{5DE07F79-B758-4A04-B908-626E7577313E}.Release|Any CPU.Build.0 = Release|Any CPU
		{5DE07F79-B758-4A04-B908-626E7577313E}.Release|ARM.ActiveCfg = Release|Any CPU
		{5DE07F79-B758-4A04-B908-626E7577313E}.Release|Mixed Platforms.ActiveCfg = Release|Any CPU
		{5DE07F79-B758-4A04-B908-626E7577313E}.Release|Mixed Platforms.Build.0 = Release|Any CPU
		{5DE07F79-B758-4A04-B908-626E7577313E}.Release|x64.ActiveCfg = Release|Any CPU
		{5DE07F79-B758-4A04-B908-626E7577313E}.Release|x86.ActiveCfg = Release|Any CPU
		{CB7BA555-21FD-4C57-A629-A925B6A83A31}.Debug|Any CPU.ActiveCfg = Debug|Any CPU
		{CB7BA555-21FD-4C57-A629-A925B6A83A31}.Debug|Any CPU.Build.0 = Debug|Any CPU
		{CB7BA555-21FD-4C57-A629-A925B6A83A31}.Debug|ARM.ActiveCfg = Debug|Any CPU
		{CB7BA555-21FD-4C57-A629-A925B6A83A31}.Debug|Mixed Platforms.ActiveCfg = Debug|Any CPU
		{CB7BA555-21FD-4C57-A629-A925B6A83A31}.Debug|Mixed Platforms.Build.0 = Debug|Any CPU
		{CB7BA555-21FD-4C57-A629-A925B6A83A31}.Debug|x64.ActiveCfg = Debug|Any CPU
		{CB7BA555-21FD-4C57-A629-A925B6A83A31}.Debug|x86.ActiveCfg = Debug|Any CPU
		{CB7BA555-21FD-4C57-A629-A925B6A83A31}.Release|Any CPU.ActiveCfg = Release|Any CPU
		{CB7BA555-21FD-4C57-A629-A925B6A83A31}.Release|Any CPU.Build.0 = Release|Any CPU
		{CB7BA555-21FD-4C57-A629-A925B6A83A31}.Release|ARM.ActiveCfg = Release|Any CPU
		{CB7BA555-21FD-4C57-A629-A925B6A83A31}.Release|Mixed Platforms.ActiveCfg = Release|Any CPU
		{CB7BA555-21FD-4C57-A629-A925B6A83A31}.Release|Mixed Platforms.Build.0 = Release|Any CPU
		{CB7BA555-21FD-4C57-A629-A925B6A83A31}.Release|x64.ActiveCfg = Release|Any CPU
		{CB7BA555-21FD-4C57-A629-A925B6A83A31}.Release|x86.ActiveCfg = Release|Any CPU
		{6E4DD8FC-91E8-4C70-946D-4C37DF84C8CF}.Debug|Any CPU.ActiveCfg = Debug|Any CPU
		{6E4DD8FC-91E8-4C70-946D-4C37DF84C8CF}.Debug|Any CPU.Build.0 = Debug|Any CPU
		{6E4DD8FC-91E8-4C70-946D-4C37DF84C8CF}.Debug|ARM.ActiveCfg = Debug|Any CPU
		{6E4DD8FC-91E8-4C70-946D-4C37DF84C8CF}.Debug|Mixed Platforms.ActiveCfg = Debug|Any CPU
		{6E4DD8FC-91E8-4C70-946D-4C37DF84C8CF}.Debug|Mixed Platforms.Build.0 = Debug|Any CPU
		{6E4DD8FC-91E8-4C70-946D-4C37DF84C8CF}.Debug|x64.ActiveCfg = Debug|Any CPU
		{6E4DD8FC-91E8-4C70-946D-4C37DF84C8CF}.Debug|x86.ActiveCfg = Debug|Any CPU
		{6E4DD8FC-91E8-4C70-946D-4C37DF84C8CF}.Release|Any CPU.ActiveCfg = Release|Any CPU
		{6E4DD8FC-91E8-4C70-946D-4C37DF84C8CF}.Release|Any CPU.Build.0 = Release|Any CPU
		{6E4DD8FC-91E8-4C70-946D-4C37DF84C8CF}.Release|ARM.ActiveCfg = Release|Any CPU
		{6E4DD8FC-91E8-4C70-946D-4C37DF84C8CF}.Release|Mixed Platforms.ActiveCfg = Release|Any CPU
		{6E4DD8FC-91E8-4C70-946D-4C37DF84C8CF}.Release|Mixed Platforms.Build.0 = Release|Any CPU
		{6E4DD8FC-91E8-4C70-946D-4C37DF84C8CF}.Release|x64.ActiveCfg = Release|Any CPU
		{6E4DD8FC-91E8-4C70-946D-4C37DF84C8CF}.Release|x86.ActiveCfg = Release|Any CPU
		{61B46A01-4911-4E32-9065-C1ECD7650AFA}.Debug|Any CPU.ActiveCfg = Debug|x64
		{61B46A01-4911-4E32-9065-C1ECD7650AFA}.Debug|Any CPU.Build.0 = Debug|x64
		{61B46A01-4911-4E32-9065-C1ECD7650AFA}.Debug|ARM.ActiveCfg = Debug|x64
		{61B46A01-4911-4E32-9065-C1ECD7650AFA}.Debug|Mixed Platforms.ActiveCfg = Debug|x64
		{61B46A01-4911-4E32-9065-C1ECD7650AFA}.Debug|Mixed Platforms.Build.0 = Debug|x64
		{61B46A01-4911-4E32-9065-C1ECD7650AFA}.Debug|x64.ActiveCfg = Debug|x64
		{61B46A01-4911-4E32-9065-C1ECD7650AFA}.Debug|x64.Build.0 = Debug|x64
		{61B46A01-4911-4E32-9065-C1ECD7650AFA}.Debug|x86.ActiveCfg = Debug|x64
		{61B46A01-4911-4E32-9065-C1ECD7650AFA}.Release|Any CPU.ActiveCfg = Release|x64
		{61B46A01-4911-4E32-9065-C1ECD7650AFA}.Release|Any CPU.Build.0 = Release|x64
		{61B46A01-4911-4E32-9065-C1ECD7650AFA}.Release|ARM.ActiveCfg = Release|x64
		{61B46A01-4911-4E32-9065-C1ECD7650AFA}.Release|Mixed Platforms.ActiveCfg = Release|x64
		{61B46A01-4911-4E32-9065-C1ECD7650AFA}.Release|Mixed Platforms.Build.0 = Release|x64
		{61B46A01-4911-4E32-9065-C1ECD7650AFA}.Release|x64.ActiveCfg = Release|x64
		{61B46A01-4911-4E32-9065-C1ECD7650AFA}.Release|x64.Build.0 = Release|x64
		{61B46A01-4911-4E32-9065-C1ECD7650AFA}.Release|x86.ActiveCfg = Release|x64
		{B2127A34-6631-4096-A4ED-45F269135232}.Debug|Any CPU.ActiveCfg = Debug|Any CPU
		{B2127A34-6631-4096-A4ED-45F269135232}.Debug|Any CPU.Build.0 = Debug|Any CPU
		{B2127A34-6631-4096-A4ED-45F269135232}.Debug|ARM.ActiveCfg = Debug|Any CPU
		{B2127A34-6631-4096-A4ED-45F269135232}.Debug|Mixed Platforms.ActiveCfg = Debug|Any CPU
		{B2127A34-6631-4096-A4ED-45F269135232}.Debug|Mixed Platforms.Build.0 = Debug|Any CPU
		{B2127A34-6631-4096-A4ED-45F269135232}.Debug|x64.ActiveCfg = Debug|Any CPU
		{B2127A34-6631-4096-A4ED-45F269135232}.Debug|x86.ActiveCfg = Debug|Any CPU
		{B2127A34-6631-4096-A4ED-45F269135232}.Release|Any CPU.ActiveCfg = Release|Any CPU
		{B2127A34-6631-4096-A4ED-45F269135232}.Release|Any CPU.Build.0 = Release|Any CPU
		{B2127A34-6631-4096-A4ED-45F269135232}.Release|ARM.ActiveCfg = Release|Any CPU
		{B2127A34-6631-4096-A4ED-45F269135232}.Release|Mixed Platforms.ActiveCfg = Release|Any CPU
		{B2127A34-6631-4096-A4ED-45F269135232}.Release|Mixed Platforms.Build.0 = Release|Any CPU
		{B2127A34-6631-4096-A4ED-45F269135232}.Release|x64.ActiveCfg = Release|Any CPU
		{B2127A34-6631-4096-A4ED-45F269135232}.Release|x86.ActiveCfg = Release|Any CPU
	EndGlobalSection
	GlobalSection(SolutionProperties) = preSolution
		HideSolutionNode = FALSE
	EndGlobalSection
EndGlobal
